
Microsoft Visual Studio Solution File, Format Version 12.00
# Visual Studio 2012
Project("{FAE04EC0-301F-11D3-BF4B-00C04F79EFBC}") = "ComprobacionPrimalidad", "ComprobacionPrimalidad\ComprobacionPrimalidad.csproj", "{D4131300-54E8-460B-B6A4-EF2F5EC2B7B1}"
EndProject
Project("{FAE04EC0-301F-11D3-BF4B-00C04F79EFBC}") = "PruebasConsola", "PruebasConsola\PruebasConsola.csproj", "{291DB250-1D78-43E2-A3DC-E90C1247C694}"
EndProject
Project("{FAE04EC0-301F-11D3-BF4B-00C04F79EFBC}") = "AlgoritmosUtil", "AlgoritmosUtil\AlgoritmosUtil.csproj", "{F92F69D2-6A3A-47A3-BDBD-13F6635A5D6F}"
EndProject
Global
	GlobalSection(SolutionConfigurationPlatforms) = preSolution
		Debug|Any CPU = Debug|Any CPU
		Release|Any CPU = Release|Any CPU
	EndGlobalSection
	GlobalSection(ProjectConfigurationPlatforms) = postSolution
		{D4131300-54E8-460B-B6A4-EF2F5EC2B7B1}.Debug|Any CPU.ActiveCfg = Debug|Any CPU
		{D4131300-54E8-460B-B6A4-EF2F5EC2B7B1}.Debug|Any CPU.Build.0 = Debug|Any CPU
		{D4131300-54E8-460B-B6A4-EF2F5EC2B7B1}.Release|Any CPU.ActiveCfg = Release|Any CPU
		{D4131300-54E8-460B-B6A4-EF2F5EC2B7B1}.Release|Any CPU.Build.0 = Release|Any CPU
		{291DB250-1D78-43E2-A3DC-E90C1247C694}.Debug|Any CPU.ActiveCfg = Debug|Any CPU
		{291DB250-1D78-43E2-A3DC-E90C1247C694}.Debug|Any CPU.Build.0 = Debug|Any CPU
		{291DB250-1D78-43E2-A3DC-E90C1247C694}.Release|Any CPU.ActiveCfg = Release|Any CPU
		{291DB250-1D78-43E2-A3DC-E90C1247C694}.Release|Any CPU.Build.0 = Release|Any CPU
		{F92F69D2-6A3A-47A3-BDBD-13F6635A5D6F}.Debug|Any CPU.ActiveCfg = Debug|Any CPU
		{F92F69D2-6A3A-47A3-BDBD-13F6635A5D6F}.Debug|Any CPU.Build.0 = Debug|Any CPU
		{F92F69D2-6A3A-47A3-BDBD-13F6635A5D6F}.Release|Any CPU.ActiveCfg = Release|Any CPU
		{F92F69D2-6A3A-47A3-BDBD-13F6635A5D6F}.Release|Any CPU.Build.0 = Release|Any CPU
	EndGlobalSection
	GlobalSection(SolutionProperties) = preSolution
		HideSolutionNode = FALSE
	EndGlobalSection
EndGlobal
